
Microsoft Visual Studio Solution File, Format Version 12.00
# Visual Studio 2012
Project("{8BC9CEB8-8B4A-11D0-8D11-00A0C91BC942}") = "Enhanced Echo", "Enhanced Echo\Enhanced Echo.vcxproj", "{973E632A-6BA5-41E0-8CA4-A76DA8A7F857}"
	ProjectSection(ProjectDependencies) = postProject
		{069E309F-B3F4-4211-9BCB-21FA5C6B0CF2} = {069E309F-B3F4-4211-9BCB-21FA5C6B0CF2}
	EndProjectSection
EndProject
Project("{8BC9CEB8-8B4A-11D0-8D11-00A0C91BC942}") = "Color Attributes", "Color Attributes\Color Attributes.vcxproj", "{6714F01A-202F-40BA-8452-8C4430AEDCA0}"
	ProjectSection(ProjectDependencies) = postProject
		{069E309F-B3F4-4211-9BCB-21FA5C6B0CF2} = {069E309F-B3F4-4211-9BCB-21FA5C6B0CF2}
	EndProjectSection
EndProject
Project("{2150E333-8FDC-42A3-9474-1A3956D46DE8}") = "Solution Items", "Solution Items", "{5923B76F-5DAC-4F2C-B6C5-DE23CE7193D2}"
	ProjectSection(SolutionItems) = preProject
		LICENSE = LICENSE
		README.md = README.md
	EndProjectSection
EndProject
Project("{8BC9CEB8-8B4A-11D0-8D11-00A0C91BC942}") = "Common", "Common\Common.vcxproj", "{069E309F-B3F4-4211-9BCB-21FA5C6B0CF2}"
EndProject
Project("{2150E333-8FDC-42A3-9474-1A3956D46DE8}") = "Commands", "Commands", "{A92C73E4-231B-49CB-A9FA-DA93FF7A5FD1}"
EndProject
Project("{2150E333-8FDC-42A3-9474-1A3956D46DE8}") = "Infrastructure", "Infrastructure", "{FA4749FA-8968-49FC-AA32-B9D76AE1AF83}"
EndProject
Project("{8BC9CEB8-8B4A-11D0-8D11-00A0C91BC942}") = "Elevate", "Elevate\Elevate.vcxproj", "{460C2207-8FBE-45C7-90F8-B118D45066AE}"
EndProject
Project("{8BC9CEB8-8B4A-11D0-8D11-00A0C91BC942}") = "Elevate Stub", "Elevate Stub\Elevate Stub.vcxproj", "{2A93CA1D-7C86-4E0A-8804-FEBAC4C639A7}"
	ProjectSection(ProjectDependencies) = postProject
		{460C2207-8FBE-45C7-90F8-B118D45066AE} = {460C2207-8FBE-45C7-90F8-B118D45066AE}
	EndProjectSection
EndProject
Project("{2150E333-8FDC-42A3-9474-1A3956D46DE8}") = "Elevate", "Elevate", "{042B0EB4-A47D-4341-9694-404B94891F1F}"
EndProject
Global
	GlobalSection(SolutionConfigurationPlatforms) = preSolution
		Debug|x64 = Debug|x64
		Debug|x86 = Debug|x86
		Release|x64 = Release|x64
		Release|x86 = Release|x86
	EndGlobalSection
	GlobalSection(ProjectConfigurationPlatforms) = postSolution
		{973E632A-6BA5-41E0-8CA4-A76DA8A7F857}.Debug|x64.ActiveCfg = Debug|x64
		{973E632A-6BA5-41E0-8CA4-A76DA8A7F857}.Debug|x64.Build.0 = Debug|x64
		{973E632A-6BA5-41E0-8CA4-A76DA8A7F857}.Debug|x86.ActiveCfg = Debug|Win32
		{973E632A-6BA5-41E0-8CA4-A76DA8A7F857}.Debug|x86.Build.0 = Debug|Win32
		{973E632A-6BA5-41E0-8CA4-A76DA8A7F857}.Release|x64.ActiveCfg = Release|x64
		{973E632A-6BA5-41E0-8CA4-A76DA8A7F857}.Release|x64.Build.0 = Release|x64
		{973E632A-6BA5-41E0-8CA4-A76DA8A7F857}.Release|x86.ActiveCfg = Release|Win32
		{973E632A-6BA5-41E0-8CA4-A76DA8A7F857}.Release|x86.Build.0 = Release|Win32
		{6714F01A-202F-40BA-8452-8C4430AEDCA0}.Debug|x64.ActiveCfg = Debug|x64
		{6714F01A-202F-40BA-8452-8C4430AEDCA0}.Debug|x64.Build.0 = Debug|x64
		{6714F01A-202F-40BA-8452-8C4430AEDCA0}.Debug|x86.ActiveCfg = Debug|Win32
		{6714F01A-202F-40BA-8452-8C4430AEDCA0}.Debug|x86.Build.0 = Debug|Win32
		{6714F01A-202F-40BA-8452-8C4430AEDCA0}.Release|x64.ActiveCfg = Release|x64
		{6714F01A-202F-40BA-8452-8C4430AEDCA0}.Release|x64.Build.0 = Release|x64
		{6714F01A-202F-40BA-8452-8C4430AEDCA0}.Release|x86.ActiveCfg = Release|Win32
		{6714F01A-202F-40BA-8452-8C4430AEDCA0}.Release|x86.Build.0 = Release|Win32
		{069E309F-B3F4-4211-9BCB-21FA5C6B0CF2}.Debug|x64.ActiveCfg = Debug|x64
		{069E309F-B3F4-4211-9BCB-21FA5C6B0CF2}.Debug|x64.Build.0 = Debug|x64
		{069E309F-B3F4-4211-9BCB-21FA5C6B0CF2}.Debug|x86.ActiveCfg = Debug|Win32
		{069E309F-B3F4-4211-9BCB-21FA5C6B0CF2}.Debug|x86.Build.0 = Debug|Win32
		{069E309F-B3F4-4211-9BCB-21FA5C6B0CF2}.Release|x64.ActiveCfg = Release|x64
		{069E309F-B3F4-4211-9BCB-21FA5C6B0CF2}.Release|x64.Build.0 = Release|x64
		{069E309F-B3F4-4211-9BCB-21FA5C6B0CF2}.Release|x86.ActiveCfg = Release|Win32
		{069E309F-B3F4-4211-9BCB-21FA5C6B0CF2}.Release|x86.Build.0 = Release|Win32
		{460C2207-8FBE-45C7-90F8-B118D45066AE}.Debug|x64.ActiveCfg = Debug|x64
		{460C2207-8FBE-45C7-90F8-B118D45066AE}.Debug|x64.Build.0 = Debug|x64
		{460C2207-8FBE-45C7-90F8-B118D45066AE}.Debug|x86.ActiveCfg = Debug|Win32
		{460C2207-8FBE-45C7-90F8-B118D45066AE}.Debug|x86.Build.0 = Debug|Win32
		{460C2207-8FBE-45C7-90F8-B118D45066AE}.Release|x64.ActiveCfg = Release|x64
		{460C2207-8FBE-45C7-90F8-B118D45066AE}.Release|x64.Build.0 = Release|x64
		{460C2207-8FBE-45C7-90F8-B118D45066AE}.Release|x86.ActiveCfg = Release|Win32
		{460C2207-8FBE-45C7-90F8-B118D45066AE}.Release|x86.Build.0 = Release|Win32
		{2A93CA1D-7C86-4E0A-8804-FEBAC4C639A7}.Debug|x64.ActiveCfg = Debug|x64
		{2A93CA1D-7C86-4E0A-8804-FEBAC4C639A7}.Debug|x64.Build.0 = Debug|x64
		{2A93CA1D-7C86-4E0A-8804-FEBAC4C639A7}.Debug|x86.ActiveCfg = Debug|Win32
		{2A93CA1D-7C86-4E0A-8804-FEBAC4C639A7}.Debug|x86.Build.0 = Debug|Win32
		{2A93CA1D-7C86-4E0A-8804-FEBAC4C639A7}.Release|x64.ActiveCfg = Release|x64
		{2A93CA1D-7C86-4E0A-8804-FEBAC4C639A7}.Release|x64.Build.0 = Release|x64
		{2A93CA1D-7C86-4E0A-8804-FEBAC4C639A7}.Release|x86.ActiveCfg = Release|Win32
		{2A93CA1D-7C86-4E0A-8804-FEBAC4C639A7}.Release|x86.Build.0 = Release|Win32
	EndGlobalSection
	GlobalSection(SolutionProperties) = preSolution
		HideSolutionNode = FALSE
	EndGlobalSection
	GlobalSection(NestedProjects) = preSolution
		{6714F01A-202F-40BA-8452-8C4430AEDCA0} = {A92C73E4-231B-49CB-A9FA-DA93FF7A5FD1}
		{973E632A-6BA5-41E0-8CA4-A76DA8A7F857} = {A92C73E4-231B-49CB-A9FA-DA93FF7A5FD1}
<<<<<<< .merge_file_a02416
		{042B0EB4-A47D-4341-9694-404B94891F1F} = {A92C73E4-231B-49CB-A9FA-DA93FF7A5FD1}
=======
>>>>>>> .merge_file_a07824
		{069E309F-B3F4-4211-9BCB-21FA5C6B0CF2} = {FA4749FA-8968-49FC-AA32-B9D76AE1AF83}
		{2A93CA1D-7C86-4E0A-8804-FEBAC4C639A7} = {042B0EB4-A47D-4341-9694-404B94891F1F}
		{460C2207-8FBE-45C7-90F8-B118D45066AE} = {042B0EB4-A47D-4341-9694-404B94891F1F}
	EndGlobalSection
EndGlobal
